// !$*UTF8*$!
{
	archiveVersion = 1;
	classes = {
	};
	objectVersion = 46;
	objects = {

/* Begin PBXBuildFile section */
		04F612BF1BF0731000298368 /* AppDelegate.swift in Sources */ = {isa = PBXBuildFile; fileRef = 04F612BE1BF0731000298368 /* AppDelegate.swift */; };
		04F612C11BF0731000298368 /* MasterViewController.swift in Sources */ = {isa = PBXBuildFile; fileRef = 04F612C01BF0731000298368 /* MasterViewController.swift */; };
		04F612C31BF0731000298368 /* DetailViewController.swift in Sources */ = {isa = PBXBuildFile; fileRef = 04F612C21BF0731000298368 /* DetailViewController.swift */; };
		04F612C61BF0731000298368 /* Main.storyboard in Resources */ = {isa = PBXBuildFile; fileRef = 04F612C41BF0731000298368 /* Main.storyboard */; };
		04F612C81BF0731000298368 /* Assets.xcassets in Resources */ = {isa = PBXBuildFile; fileRef = 04F612C71BF0731000298368 /* Assets.xcassets */; };
		04F612CB1BF0731000298368 /* LaunchScreen.storyboard in Resources */ = {isa = PBXBuildFile; fileRef = 04F612C91BF0731000298368 /* LaunchScreen.storyboard */; };
		04F612D61BF0731000298368 /* ContactsFrameworkTests.swift in Sources */ = {isa = PBXBuildFile; fileRef = 04F612D51BF0731000298368 /* ContactsFrameworkTests.swift */; };
/* End PBXBuildFile section */

/* Begin PBXContainerItemProxy section */
		04F612D21BF0731000298368 /* PBXContainerItemProxy */ = {
			isa = PBXContainerItemProxy;
			containerPortal = 04F612B31BF0731000298368 /* Project object */;
			proxyType = 1;
			remoteGlobalIDString = 04F612BA1BF0731000298368;
			remoteInfo = ContactsFramework;
		};
/* End PBXContainerItemProxy section */

/* Begin PBXFileReference section */
		04F612BB1BF0731000298368 /* ContactsFramework.app */ = {isa = PBXFileReference; explicitFileType = wrapper.application; includeInIndex = 0; path = ContactsFramework.app; sourceTree = BUILT_PRODUCTS_DIR; };
		04F612BE1BF0731000298368 /* AppDelegate.swift */ = {isa = PBXFileReference; lastKnownFileType = sourcecode.swift; path = AppDelegate.swift; sourceTree = "<group>"; };
		04F612C01BF0731000298368 /* MasterViewController.swift */ = {isa = PBXFileReference; lastKnownFileType = sourcecode.swift; path = MasterViewController.swift; sourceTree = "<group>"; };
		04F612C21BF0731000298368 /* DetailViewController.swift */ = {isa = PBXFileReference; lastKnownFileType = sourcecode.swift; path = DetailViewController.swift; sourceTree = "<group>"; };
		04F612C51BF0731000298368 /* Base */ = {isa = PBXFileReference; lastKnownFileType = file.storyboard; name = Base; path = Base.lproj/Main.storyboard; sourceTree = "<group>"; };
		04F612C71BF0731000298368 /* Assets.xcassets */ = {isa = PBXFileReference; lastKnownFileType = folder.assetcatalog; path = Assets.xcassets; sourceTree = "<group>"; };
		04F612CA1BF0731000298368 /* Base */ = {isa = PBXFileReference; lastKnownFileType = file.storyboard; name = Base; path = Base.lproj/LaunchScreen.storyboard; sourceTree = "<group>"; };
		04F612CC1BF0731000298368 /* Info.plist */ = {isa = PBXFileReference; lastKnownFileType = text.plist.xml; path = Info.plist; sourceTree = "<group>"; };
		04F612D11BF0731000298368 /* ContactsFrameworkTests.xctest */ = {isa = PBXFileReference; explicitFileType = wrapper.cfbundle; includeInIndex = 0; path = ContactsFrameworkTests.xctest; sourceTree = BUILT_PRODUCTS_DIR; };
		04F612D51BF0731000298368 /* ContactsFrameworkTests.swift */ = {isa = PBXFileReference; lastKnownFileType = sourcecode.swift; path = ContactsFrameworkTests.swift; sourceTree = "<group>"; };
		04F612D71BF0731000298368 /* Info.plist */ = {isa = PBXFileReference; lastKnownFileType = text.plist.xml; path = Info.plist; sourceTree = "<group>"; };
/* End PBXFileReference section */

/* Begin PBXFrameworksBuildPhase section */
		04F612B81BF0731000298368 /* Frameworks */ = {
			isa = PBXFrameworksBuildPhase;
			buildActionMask = 2147483647;
			files = (
			);
			runOnlyForDeploymentPostprocessing = 0;
		};
		04F612CE1BF0731000298368 /* Frameworks */ = {
			isa = PBXFrameworksBuildPhase;
			buildActionMask = 2147483647;
			files = (
			);
			runOnlyForDeploymentPostprocessing = 0;
		};
/* End PBXFrameworksBuildPhase section */

/* Begin PBXGroup section */
		04F612B21BF0731000298368 = {
			isa = PBXGroup;
			children = (
				04F612BD1BF0731000298368 /* ContactsFramework */,
				04F612D41BF0731000298368 /* ContactsFrameworkTests */,
				04F612BC1BF0731000298368 /* Products */,
			);
			sourceTree = "<group>";
		};
		04F612BC1BF0731000298368 /* Products */ = {
			isa = PBXGroup;
			children = (
				04F612BB1BF0731000298368 /* ContactsFramework.app */,
				04F612D11BF0731000298368 /* ContactsFrameworkTests.xctest */,
			);
			name = Products;
			sourceTree = "<group>";
		};
		04F612BD1BF0731000298368 /* ContactsFramework */ = {
			isa = PBXGroup;
			children = (
				04F612BE1BF0731000298368 /* AppDelegate.swift */,
				04F612C01BF0731000298368 /* MasterViewController.swift */,
				04F612C21BF0731000298368 /* DetailViewController.swift */,
				04F612C41BF0731000298368 /* Main.storyboard */,
				04F612C71BF0731000298368 /* Assets.xcassets */,
				04F612C91BF0731000298368 /* LaunchScreen.storyboard */,
				04F612CC1BF0731000298368 /* Info.plist */,
			);
			path = ContactsFramework;
			sourceTree = "<group>";
		};
		04F612D41BF0731000298368 /* ContactsFrameworkTests */ = {
			isa = PBXGroup;
			children = (
				04F612D51BF0731000298368 /* ContactsFrameworkTests.swift */,
				04F612D71BF0731000298368 /* Info.plist */,
			);
			path = ContactsFrameworkTests;
			sourceTree = "<group>";
		};
/* End PBXGroup section */

/* Begin PBXNativeTarget section */
		04F612BA1BF0731000298368 /* ContactsFramework */ = {
			isa = PBXNativeTarget;
			buildConfigurationList = 04F612DA1BF0731000298368 /* Build configuration list for PBXNativeTarget "ContactsFramework" */;
			buildPhases = (
				04F612B71BF0731000298368 /* Sources */,
				04F612B81BF0731000298368 /* Frameworks */,
				04F612B91BF0731000298368 /* Resources */,
			);
			buildRules = (
			);
			dependencies = (
			);
			name = ContactsFramework;
			productName = ContactsFramework;
			productReference = 04F612BB1BF0731000298368 /* ContactsFramework.app */;
			productType = "com.apple.product-type.application";
		};
		04F612D01BF0731000298368 /* ContactsFrameworkTests */ = {
			isa = PBXNativeTarget;
			buildConfigurationList = 04F612DD1BF0731000298368 /* Build configuration list for PBXNativeTarget "ContactsFrameworkTests" */;
			buildPhases = (
				04F612CD1BF0731000298368 /* Sources */,
				04F612CE1BF0731000298368 /* Frameworks */,
				04F612CF1BF0731000298368 /* Resources */,
			);
			buildRules = (
			);
			dependencies = (
				04F612D31BF0731000298368 /* PBXTargetDependency */,
			);
			name = ContactsFrameworkTests;
			productName = ContactsFrameworkTests;
			productReference = 04F612D11BF0731000298368 /* ContactsFrameworkTests.xctest */;
			productType = "com.apple.product-type.bundle.unit-test";
		};
/* End PBXNativeTarget section */

/* Begin PBXProject section */
		04F612B31BF0731000298368 /* Project object */ = {
			isa = PBXProject;
			attributes = {
				LastSwiftUpdateCheck = 0710;
				LastUpgradeCheck = 0710;
				ORGANIZATIONNAME = wj;
				TargetAttributes = {
					04F612BA1BF0731000298368 = {
						CreatedOnToolsVersion = 7.1;
					};
					04F612D01BF0731000298368 = {
						CreatedOnToolsVersion = 7.1;
						TestTargetID = 04F612BA1BF0731000298368;
					};
				};
			};
			buildConfigurationList = 04F612B61BF0731000298368 /* Build configuration list for PBXProject "ContactsFramework" */;
			compatibilityVersion = "Xcode 3.2";
			developmentRegion = English;
			hasScannedForEncodings = 0;
			knownRegions = (
				en,
				Base,
			);
			mainGroup = 04F612B21BF0731000298368;
			productRefGroup = 04F612BC1BF0731000298368 /* Products */;
			projectDirPath = "";
			projectRoot = "";
			targets = (
				04F612BA1BF0731000298368 /* ContactsFramework */,
				04F612D01BF0731000298368 /* ContactsFrameworkTests */,
			);
		};
/* End PBXProject section */

/* Begin PBXResourcesBuildPhase section */
		04F612B91BF0731000298368 /* Resources */ = {
			isa = PBXResourcesBuildPhase;
			buildActionMask = 2147483647;
			files = (
				04F612CB1BF0731000298368 /* LaunchScreen.storyboard in Resources */,
				04F612C81BF0731000298368 /* Assets.xcassets in Resources */,
				04F612C61BF0731000298368 /* Main.storyboard in Resources */,
			);
			runOnlyForDeploymentPostprocessing = 0;
		};
		04F612CF1BF0731000298368 /* Resources */ = {
			isa = PBXResourcesBuildPhase;
			buildActionMask = 2147483647;
			files = (
			);
			runOnlyForDeploymentPostprocessing = 0;
		};
/* End PBXResourcesBuildPhase section */

/* Begin PBXSourcesBuildPhase section */
		04F612B71BF0731000298368 /* Sources */ = {
			isa = PBXSourcesBuildPhase;
			buildActionMask = 2147483647;
			files = (
				04F612C31BF0731000298368 /* DetailViewController.swift in Sources */,
				04F612C11BF0731000298368 /* MasterViewController.swift in Sources */,
				04F612BF1BF0731000298368 /* AppDelegate.swift in Sources */,
			);
			runOnlyForDeploymentPostprocessing = 0;
		};
		04F612CD1BF0731000298368 /* Sources */ = {
			isa = PBXSourcesBuildPhase;
			buildActionMask = 2147483647;
			files = (
				04F612D61BF0731000298368 /* ContactsFrameworkTests.swift in Sources */,
			);
			runOnlyForDeploymentPostprocessing = 0;
		};
/* End PBXSourcesBuildPhase section */

/* Begin PBXTargetDependency section */
		04F612D31BF0731000298368 /* PBXTargetDependency */ = {
			isa = PBXTargetDependency;
			target = 04F612BA1BF0731000298368 /* ContactsFramework */;
			targetProxy = 04F612D21BF0731000298368 /* PBXContainerItemProxy */;
		};
/* End PBXTargetDependency section */

/* Begin PBXVariantGroup section */
		04F612C41BF0731000298368 /* Main.storyboard */ = {
			isa = PBXVariantGroup;
			children = (
				04F612C51BF0731000298368 /* Base */,
			);
			name = Main.storyboard;
			sourceTree = "<group>";
		};
		04F612C91BF0731000298368 /* LaunchScreen.storyboard */ = {
			isa = PBXVariantGroup;
			children = (
				04F612CA1BF0731000298368 /* Base */,
			);
			name = LaunchScreen.storyboard;
			sourceTree = "<group>";
		};
/* End PBXVariantGroup section */

/* Begin XCBuildConfiguration section */
		04F612D81BF0731000298368 /* Debug */ = {
			isa = XCBuildConfiguration;
			buildSettings = {
				ALWAYS_SEARCH_USER_PATHS = NO;
				CLANG_CXX_LANGUAGE_STANDARD = "gnu++0x";
				CLANG_CXX_LIBRARY = "libc++";
				CLANG_ENABLE_MODULES = YES;
				CLANG_ENABLE_OBJC_ARC = YES;
				CLANG_WARN_BOOL_CONVERSION = YES;
				CLANG_WARN_CONSTANT_CONVERSION = YES;
				CLANG_WARN_DIRECT_OBJC_ISA_USAGE = YES_ERROR;
				CLANG_WARN_EMPTY_BODY = YES;
				CLANG_WARN_ENUM_CONVERSION = YES;
				CLANG_WARN_INT_CONVERSION = YES;
				CLANG_WARN_OBJC_ROOT_CLASS = YES_ERROR;
				CLANG_WARN_UNREACHABLE_CODE = YES;
				CLANG_WARN__DUPLICATE_METHOD_MATCH = YES;
				"CODE_SIGN_IDENTITY[sdk=iphoneos*]" = "iPhone Developer";
				COPY_PHASE_STRIP = NO;
				DEBUG_INFORMATION_FORMAT = dwarf;
				ENABLE_STRICT_OBJC_MSGSEND = YES;
				ENABLE_TESTABILITY = YES;
				GCC_C_LANGUAGE_STANDARD = gnu99;
				GCC_DYNAMIC_NO_PIC = NO;
				GCC_NO_COMMON_BLOCKS = YES;
				GCC_OPTIMIZATION_LEVEL = 0;
				GCC_PREPROCESSOR_DEFINITIONS = (
					"DEBUG=1",
					"$(inherited)",
				);
				GCC_WARN_64_TO_32_BIT_CONVERSION = YES;
				GCC_WARN_ABOUT_RETURN_TYPE = YES_ERROR;
				GCC_WARN_UNDECLARED_SELECTOR = YES;
				GCC_WARN_UNINITIALIZED_AUTOS = YES_AGGRESSIVE;
				GCC_WARN_UNUSED_FUNCTION = YES;
				GCC_WARN_UNUSED_VARIABLE = YES;
				IPHONEOS_DEPLOYMENT_TARGET = 9.1;
				MTL_ENABLE_DEBUG_INFO = YES;
				ONLY_ACTIVE_ARCH = YES;
				SDKROOT = iphoneos;
				SWIFT_OPTIMIZATION_LEVEL = "-Onone";
			};
			name = Debug;
		};
		04F612D91BF0731000298368 /* Release */ = {
			isa = XCBuildConfiguration;
			buildSettings = {
				ALWAYS_SEARCH_USER_PATHS = NO;
				CLANG_CXX_LANGUAGE_STANDARD = "gnu++0x";
				CLANG_CXX_LIBRARY = "libc++";
				CLANG_ENABLE_MODULES = YES;
				CLANG_ENABLE_OBJC_ARC = YES;
				CLANG_WARN_BOOL_CONVERSION = YES;
				CLANG_WARN_CONSTANT_CONVERSION = YES;
				CLANG_WARN_DIRECT_OBJC_ISA_USAGE = YES_ERROR;
				CLANG_WARN_EMPTY_BODY = YES;
				CLANG_WARN_ENUM_CONVERSION = YES;
				CLANG_WARN_INT_CONVERSION = YES;
				CLANG_WARN_OBJC_ROOT_CLASS = YES_ERROR;
				CLANG_WARN_UNREACHABLE_CODE = YES;
				CLANG_WARN__DUPLICATE_METHOD_MATCH = YES;
				"CODE_SIGN_IDENTITY[sdk=iphoneos*]" = "iPhone Developer";
				COPY_PHASE_STRIP = NO;
				DEBUG_INFORMATION_FORMAT = "dwarf-with-dsym";
				ENABLE_NS_ASSERTIONS = NO;
				ENABLE_STRICT_OBJC_MSGSEND = YES;
				GCC_C_LANGUAGE_STANDARD = gnu99;
				GCC_NO_COMMON_BLOCKS = YES;
				GCC_WARN_64_TO_32_BIT_CONVERSION = YES;
				GCC_WARN_ABOUT_RETURN_TYPE = YES_ERROR;
				GCC_WARN_UNDECLARED_SELECTOR = YES;
				GCC_WARN_UNINITIALIZED_AUTOS = YES_AGGRESSIVE;
				GCC_WARN_UNUSED_FUNCTION = YES;
				GCC_WARN_UNUSED_VARIABLE = YES;
				IPHONEOS_DEPLOYMENT_TARGET = 9.1;
				MTL_ENABLE_DEBUG_INFO = NO;
				SDKROOT = iphoneos;
				VALIDATE_PRODUCT = YES;
			};
			name = Release;
		};
		04F612DB1BF0731000298368 /* Debug */ = {
			isa = XCBuildConfiguration;
			buildSettings = {
				ASSETCATALOG_COMPILER_APPICON_NAME = AppIcon;
				INFOPLIST_FILE = ContactsFramework/Info.plist;
				IPHONEOS_DEPLOYMENT_TARGET = 9.0;
				LD_RUNPATH_SEARCH_PATHS = "$(inherited) @executable_path/Frameworks";
				PRODUCT_BUNDLE_IDENTIFIER = wj.ContactsFramework;
				PRODUCT_NAME = "$(TARGET_NAME)";
				TARGETED_DEVICE_FAMILY = "1,2";
			};
			name = Debug;
		};
		04F612DC1BF0731000298368 /* Release */ = {
			isa = XCBuildConfiguration;
			buildSettings = {
				ASSETCATALOG_COMPILER_APPICON_NAME = AppIcon;
				INFOPLIST_FILE = ContactsFramework/Info.plist;
				IPHONEOS_DEPLOYMENT_TARGET = 9.0;
				LD_RUNPATH_SEARCH_PATHS = "$(inherited) @executable_path/Frameworks";
				PRODUCT_BUNDLE_IDENTIFIER = wj.ContactsFramework;
				PRODUCT_NAME = "$(TARGET_NAME)";
				TARGETED_DEVICE_FAMILY = "1,2";
			};
			name = Release;
		};
		04F612DE1BF0731000298368 /* Debug */ = {
			isa = XCBuildConfiguration;
			buildSettings = {
				BUNDLE_LOADER = "$(TEST_HOST)";
				INFOPLIST_FILE = ContactsFrameworkTests/Info.plist;
				LD_RUNPATH_SEARCH_PATHS = "$(inherited) @executable_path/Frameworks @loader_path/Frameworks";
				PRODUCT_BUNDLE_IDENTIFIER = wj.ContactsFrameworkTests;
				PRODUCT_NAME = "$(TARGET_NAME)";
				TEST_HOST = "$(BUILT_PRODUCTS_DIR)/ContactsFramework.app/ContactsFramework";
			};
			name = Debug;
		};
		04F612DF1BF0731000298368 /* Release */ = {
			isa = XCBuildConfiguration;
			buildSettings = {
				BUNDLE_LOADER = "$(TEST_HOST)";
				INFOPLIST_FILE = ContactsFrameworkTests/Info.plist;
				LD_RUNPATH_SEARCH_PATHS = "$(inherited) @executable_path/Frameworks @loader_path/Frameworks";
				PRODUCT_BUNDLE_IDENTIFIER = wj.ContactsFrameworkTests;
				PRODUCT_NAME = "$(TARGET_NAME)";
				TEST_HOST = "$(BUILT_PRODUCTS_DIR)/ContactsFramework.app/ContactsFramework";
			};
			name = Release;
		};
/* End XCBuildConfiguration section */

/* Begin XCConfigurationList section */
		04F612B61BF0731000298368 /* Build configuration list for PBXProject "ContactsFramework" */ = {
			isa = XCConfigurationList;
			buildConfigurations = (
				04F612D81BF0731000298368 /* Debug */,
				04F612D91BF0731000298368 /* Release */,
			);
			defaultConfigurationIsVisible = 0;
			defaultConfigurationName = Release;
		};
		04F612DA1BF0731000298368 /* Build configuration list for PBXNativeTarget "ContactsFramework" */ = {
			isa = XCConfigurationList;
			buildConfigurations = (
				04F612DB1BF0731000298368 /* Debug */,
				04F612DC1BF0731000298368 /* Release */,
			);
			defaultConfigurationIsVisible = 0;
		};
		04F612DD1BF0731000298368 /* Build configuration list for PBXNativeTarget "ContactsFrameworkTests" */ = {
			isa = XCConfigurationList;
			buildConfigurations = (
				04F612DE1BF0731000298368 /* Debug */,
				04F612DF1BF0731000298368 /* Release */,
			);
			defaultConfigurationIsVisible = 0;
		};
/* End XCConfigurationList section */
	};
	rootObject = 04F612B31BF0731000298368 /* Project object */;
}
