// !$*UTF8*$!
{
	archiveVersion = 1;
	classes = {
	};
	objectVersion = 46;
	objects = {

/* Begin PBXBuildFile section */
		04314BC91BEB0BD100E6550D /* AppDelegate.swift in Sources */ = {isa = PBXBuildFile; fileRef = 04314BC81BEB0BD100E6550D /* AppDelegate.swift */; };
		04314BCB1BEB0BD100E6550D /* ViewController.swift in Sources */ = {isa = PBXBuildFile; fileRef = 04314BCA1BEB0BD100E6550D /* ViewController.swift */; };
		04314BCE1BEB0BD100E6550D /* Main.storyboard in Resources */ = {isa = PBXBuildFile; fileRef = 04314BCC1BEB0BD100E6550D /* Main.storyboard */; };
		04314BD01BEB0BD100E6550D /* Assets.xcassets in Resources */ = {isa = PBXBuildFile; fileRef = 04314BCF1BEB0BD100E6550D /* Assets.xcassets */; };
		04314BD31BEB0BD100E6550D /* LaunchScreen.storyboard in Resources */ = {isa = PBXBuildFile; fileRef = 04314BD11BEB0BD100E6550D /* LaunchScreen.storyboard */; };
		04314BDE1BEB0BD100E6550D /* StoryboardReferencesTests.swift in Sources */ = {isa = PBXBuildFile; fileRef = 04314BDD1BEB0BD100E6550D /* StoryboardReferencesTests.swift */; };
		04314BEF1BEB1F7800E6550D /* More.storyboard in Resources */ = {isa = PBXBuildFile; fileRef = 04314BEE1BEB1F7800E6550D /* More.storyboard */; };
		04314BF11BEB200200E6550D /* ContactDetails.storyboard in Resources */ = {isa = PBXBuildFile; fileRef = 04314BF01BEB200200E6550D /* ContactDetails.storyboard */; };
		04314BF31BEB206600E6550D /* Contacts.storyboard in Resources */ = {isa = PBXBuildFile; fileRef = 04314BF21BEB206600E6550D /* Contacts.storyboard */; };
		04314BF51BEB208F00E6550D /* Favoritier.storyboard in Resources */ = {isa = PBXBuildFile; fileRef = 04314BF41BEB208F00E6550D /* Favoritier.storyboard */; };
		04314BF71BEB232A00E6550D /* OldMain.storyboard in Resources */ = {isa = PBXBuildFile; fileRef = 04314BF61BEB232A00E6550D /* OldMain.storyboard */; };
/* End PBXBuildFile section */

/* Begin PBXContainerItemProxy section */
		04314BDA1BEB0BD100E6550D /* PBXContainerItemProxy */ = {
			isa = PBXContainerItemProxy;
			containerPortal = 04314BBD1BEB0BD100E6550D /* Project object */;
			proxyType = 1;
			remoteGlobalIDString = 04314BC41BEB0BD100E6550D;
			remoteInfo = StoryboardReferences;
		};
/* End PBXContainerItemProxy section */

/* Begin PBXFileReference section */
		04314BC51BEB0BD100E6550D /* StoryboardReferences.app */ = {isa = PBXFileReference; explicitFileType = wrapper.application; includeInIndex = 0; path = StoryboardReferences.app; sourceTree = BUILT_PRODUCTS_DIR; };
		04314BC81BEB0BD100E6550D /* AppDelegate.swift */ = {isa = PBXFileReference; lastKnownFileType = sourcecode.swift; path = AppDelegate.swift; sourceTree = "<group>"; };
		04314BCA1BEB0BD100E6550D /* ViewController.swift */ = {isa = PBXFileReference; lastKnownFileType = sourcecode.swift; path = ViewController.swift; sourceTree = "<group>"; };
		04314BCD1BEB0BD100E6550D /* Base */ = {isa = PBXFileReference; lastKnownFileType = file.storyboard; name = Base; path = Base.lproj/Main.storyboard; sourceTree = "<group>"; };
		04314BCF1BEB0BD100E6550D /* Assets.xcassets */ = {isa = PBXFileReference; lastKnownFileType = folder.assetcatalog; path = Assets.xcassets; sourceTree = "<group>"; };
		04314BD21BEB0BD100E6550D /* Base */ = {isa = PBXFileReference; lastKnownFileType = file.storyboard; name = Base; path = Base.lproj/LaunchScreen.storyboard; sourceTree = "<group>"; };
		04314BD41BEB0BD100E6550D /* Info.plist */ = {isa = PBXFileReference; lastKnownFileType = text.plist.xml; path = Info.plist; sourceTree = "<group>"; };
		04314BD91BEB0BD100E6550D /* StoryboardReferencesTests.xctest */ = {isa = PBXFileReference; explicitFileType = wrapper.cfbundle; includeInIndex = 0; path = StoryboardReferencesTests.xctest; sourceTree = BUILT_PRODUCTS_DIR; };
		04314BDD1BEB0BD100E6550D /* StoryboardReferencesTests.swift */ = {isa = PBXFileReference; lastKnownFileType = sourcecode.swift; path = StoryboardReferencesTests.swift; sourceTree = "<group>"; };
		04314BDF1BEB0BD100E6550D /* Info.plist */ = {isa = PBXFileReference; lastKnownFileType = text.plist.xml; path = Info.plist; sourceTree = "<group>"; };
		04314BEE1BEB1F7800E6550D /* More.storyboard */ = {isa = PBXFileReference; fileEncoding = 4; lastKnownFileType = file.storyboard; path = More.storyboard; sourceTree = "<group>"; };
		04314BF01BEB200200E6550D /* ContactDetails.storyboard */ = {isa = PBXFileReference; fileEncoding = 4; lastKnownFileType = file.storyboard; path = ContactDetails.storyboard; sourceTree = "<group>"; };
		04314BF21BEB206600E6550D /* Contacts.storyboard */ = {isa = PBXFileReference; fileEncoding = 4; lastKnownFileType = file.storyboard; path = Contacts.storyboard; sourceTree = "<group>"; };
		04314BF41BEB208F00E6550D /* Favoritier.storyboard */ = {isa = PBXFileReference; fileEncoding = 4; lastKnownFileType = file.storyboard; path = Favoritier.storyboard; sourceTree = "<group>"; };
		04314BF61BEB232A00E6550D /* OldMain.storyboard */ = {isa = PBXFileReference; fileEncoding = 4; lastKnownFileType = file.storyboard; path = OldMain.storyboard; sourceTree = "<group>"; };
/* End PBXFileReference section */

/* Begin PBXFrameworksBuildPhase section */
		04314BC21BEB0BD100E6550D /* Frameworks */ = {
			isa = PBXFrameworksBuildPhase;
			buildActionMask = 2147483647;
			files = (
			);
			runOnlyForDeploymentPostprocessing = 0;
		};
		04314BD61BEB0BD100E6550D /* Frameworks */ = {
			isa = PBXFrameworksBuildPhase;
			buildActionMask = 2147483647;
			files = (
			);
			runOnlyForDeploymentPostprocessing = 0;
		};
/* End PBXFrameworksBuildPhase section */

/* Begin PBXGroup section */
		04314BBC1BEB0BD100E6550D = {
			isa = PBXGroup;
			children = (
				04314BC71BEB0BD100E6550D /* StoryboardReferences */,
				04314BDC1BEB0BD100E6550D /* StoryboardReferencesTests */,
				04314BC61BEB0BD100E6550D /* Products */,
			);
			sourceTree = "<group>";
		};
		04314BC61BEB0BD100E6550D /* Products */ = {
			isa = PBXGroup;
			children = (
				04314BC51BEB0BD100E6550D /* StoryboardReferences.app */,
				04314BD91BEB0BD100E6550D /* StoryboardReferencesTests.xctest */,
			);
			name = Products;
			sourceTree = "<group>";
		};
		04314BC71BEB0BD100E6550D /* StoryboardReferences */ = {
			isa = PBXGroup;
			children = (
				04314BC81BEB0BD100E6550D /* AppDelegate.swift */,
				04314BCA1BEB0BD100E6550D /* ViewController.swift */,
				04314BF61BEB232A00E6550D /* OldMain.storyboard */,
				04314BF41BEB208F00E6550D /* Favoritier.storyboard */,
				04314BF21BEB206600E6550D /* Contacts.storyboard */,
				04314BF01BEB200200E6550D /* ContactDetails.storyboard */,
				04314BEE1BEB1F7800E6550D /* More.storyboard */,
				04314BCC1BEB0BD100E6550D /* Main.storyboard */,
				04314BCF1BEB0BD100E6550D /* Assets.xcassets */,
				04314BD11BEB0BD100E6550D /* LaunchScreen.storyboard */,
				04314BD41BEB0BD100E6550D /* Info.plist */,
			);
			path = StoryboardReferences;
			sourceTree = "<group>";
		};
		04314BDC1BEB0BD100E6550D /* StoryboardReferencesTests */ = {
			isa = PBXGroup;
			children = (
				04314BDD1BEB0BD100E6550D /* StoryboardReferencesTests.swift */,
				04314BDF1BEB0BD100E6550D /* Info.plist */,
			);
			path = StoryboardReferencesTests;
			sourceTree = "<group>";
		};
/* End PBXGroup section */

/* Begin PBXNativeTarget section */
		04314BC41BEB0BD100E6550D /* StoryboardReferences */ = {
			isa = PBXNativeTarget;
			buildConfigurationList = 04314BE21BEB0BD100E6550D /* Build configuration list for PBXNativeTarget "StoryboardReferences" */;
			buildPhases = (
				04314BC11BEB0BD100E6550D /* Sources */,
				04314BC21BEB0BD100E6550D /* Frameworks */,
				04314BC31BEB0BD100E6550D /* Resources */,
			);
			buildRules = (
			);
			dependencies = (
			);
			name = StoryboardReferences;
			productName = StoryboardReferences;
			productReference = 04314BC51BEB0BD100E6550D /* StoryboardReferences.app */;
			productType = "com.apple.product-type.application";
		};
		04314BD81BEB0BD100E6550D /* StoryboardReferencesTests */ = {
			isa = PBXNativeTarget;
			buildConfigurationList = 04314BE51BEB0BD100E6550D /* Build configuration list for PBXNativeTarget "StoryboardReferencesTests" */;
			buildPhases = (
				04314BD51BEB0BD100E6550D /* Sources */,
				04314BD61BEB0BD100E6550D /* Frameworks */,
				04314BD71BEB0BD100E6550D /* Resources */,
			);
			buildRules = (
			);
			dependencies = (
				04314BDB1BEB0BD100E6550D /* PBXTargetDependency */,
			);
			name = StoryboardReferencesTests;
			productName = StoryboardReferencesTests;
			productReference = 04314BD91BEB0BD100E6550D /* StoryboardReferencesTests.xctest */;
			productType = "com.apple.product-type.bundle.unit-test";
		};
/* End PBXNativeTarget section */

/* Begin PBXProject section */
		04314BBD1BEB0BD100E6550D /* Project object */ = {
			isa = PBXProject;
			attributes = {
				LastSwiftUpdateCheck = 0710;
				LastUpgradeCheck = 0710;
				ORGANIZATIONNAME = wj;
				TargetAttributes = {
					04314BC41BEB0BD100E6550D = {
						CreatedOnToolsVersion = 7.1;
					};
					04314BD81BEB0BD100E6550D = {
						CreatedOnToolsVersion = 7.1;
						TestTargetID = 04314BC41BEB0BD100E6550D;
					};
				};
			};
			buildConfigurationList = 04314BC01BEB0BD100E6550D /* Build configuration list for PBXProject "StoryboardReferences" */;
			compatibilityVersion = "Xcode 3.2";
			developmentRegion = English;
			hasScannedForEncodings = 0;
			knownRegions = (
				en,
				Base,
			);
			mainGroup = 04314BBC1BEB0BD100E6550D;
			productRefGroup = 04314BC61BEB0BD100E6550D /* Products */;
			projectDirPath = "";
			projectRoot = "";
			targets = (
				04314BC41BEB0BD100E6550D /* StoryboardReferences */,
				04314BD81BEB0BD100E6550D /* StoryboardReferencesTests */,
			);
		};
/* End PBXProject section */

/* Begin PBXResourcesBuildPhase section */
		04314BC31BEB0BD100E6550D /* Resources */ = {
			isa = PBXResourcesBuildPhase;
			buildActionMask = 2147483647;
			files = (
				04314BD31BEB0BD100E6550D /* LaunchScreen.storyboard in Resources */,
				04314BEF1BEB1F7800E6550D /* More.storyboard in Resources */,
				04314BD01BEB0BD100E6550D /* Assets.xcassets in Resources */,
				04314BF11BEB200200E6550D /* ContactDetails.storyboard in Resources */,
				04314BF31BEB206600E6550D /* Contacts.storyboard in Resources */,
				04314BF71BEB232A00E6550D /* OldMain.storyboard in Resources */,
				04314BCE1BEB0BD100E6550D /* Main.storyboard in Resources */,
				04314BF51BEB208F00E6550D /* Favoritier.storyboard in Resources */,
			);
			runOnlyForDeploymentPostprocessing = 0;
		};
		04314BD71BEB0BD100E6550D /* Resources */ = {
			isa = PBXResourcesBuildPhase;
			buildActionMask = 2147483647;
			files = (
			);
			runOnlyForDeploymentPostprocessing = 0;
		};
/* End PBXResourcesBuildPhase section */

/* Begin PBXSourcesBuildPhase section */
		04314BC11BEB0BD100E6550D /* Sources */ = {
			isa = PBXSourcesBuildPhase;
			buildActionMask = 2147483647;
			files = (
				04314BCB1BEB0BD100E6550D /* ViewController.swift in Sources */,
				04314BC91BEB0BD100E6550D /* AppDelegate.swift in Sources */,
			);
			runOnlyForDeploymentPostprocessing = 0;
		};
		04314BD51BEB0BD100E6550D /* Sources */ = {
			isa = PBXSourcesBuildPhase;
			buildActionMask = 2147483647;
			files = (
				04314BDE1BEB0BD100E6550D /* StoryboardReferencesTests.swift in Sources */,
			);
			runOnlyForDeploymentPostprocessing = 0;
		};
/* End PBXSourcesBuildPhase section */

/* Begin PBXTargetDependency section */
		04314BDB1BEB0BD100E6550D /* PBXTargetDependency */ = {
			isa = PBXTargetDependency;
			target = 04314BC41BEB0BD100E6550D /* StoryboardReferences */;
			targetProxy = 04314BDA1BEB0BD100E6550D /* PBXContainerItemProxy */;
		};
/* End PBXTargetDependency section */

/* Begin PBXVariantGroup section */
		04314BCC1BEB0BD100E6550D /* Main.storyboard */ = {
			isa = PBXVariantGroup;
			children = (
				04314BCD1BEB0BD100E6550D /* Base */,
			);
			name = Main.storyboard;
			sourceTree = "<group>";
		};
		04314BD11BEB0BD100E6550D /* LaunchScreen.storyboard */ = {
			isa = PBXVariantGroup;
			children = (
				04314BD21BEB0BD100E6550D /* Base */,
			);
			name = LaunchScreen.storyboard;
			sourceTree = "<group>";
		};
/* End PBXVariantGroup section */

/* Begin XCBuildConfiguration section */
		04314BE01BEB0BD100E6550D /* Debug */ = {
			isa = XCBuildConfiguration;
			buildSettings = {
				ALWAYS_SEARCH_USER_PATHS = NO;
				CLANG_CXX_LANGUAGE_STANDARD = "gnu++0x";
				CLANG_CXX_LIBRARY = "libc++";
				CLANG_ENABLE_MODULES = YES;
				CLANG_ENABLE_OBJC_ARC = YES;
				CLANG_WARN_BOOL_CONVERSION = YES;
				CLANG_WARN_CONSTANT_CONVERSION = YES;
				CLANG_WARN_DIRECT_OBJC_ISA_USAGE = YES_ERROR;
				CLANG_WARN_EMPTY_BODY = YES;
				CLANG_WARN_ENUM_CONVERSION = YES;
				CLANG_WARN_INT_CONVERSION = YES;
				CLANG_WARN_OBJC_ROOT_CLASS = YES_ERROR;
				CLANG_WARN_UNREACHABLE_CODE = YES;
				CLANG_WARN__DUPLICATE_METHOD_MATCH = YES;
				"CODE_SIGN_IDENTITY[sdk=iphoneos*]" = "iPhone Developer";
				COPY_PHASE_STRIP = NO;
				DEBUG_INFORMATION_FORMAT = dwarf;
				ENABLE_STRICT_OBJC_MSGSEND = YES;
				ENABLE_TESTABILITY = YES;
				GCC_C_LANGUAGE_STANDARD = gnu99;
				GCC_DYNAMIC_NO_PIC = NO;
				GCC_NO_COMMON_BLOCKS = YES;
				GCC_OPTIMIZATION_LEVEL = 0;
				GCC_PREPROCESSOR_DEFINITIONS = (
					"DEBUG=1",
					"$(inherited)",
				);
				GCC_WARN_64_TO_32_BIT_CONVERSION = YES;
				GCC_WARN_ABOUT_RETURN_TYPE = YES_ERROR;
				GCC_WARN_UNDECLARED_SELECTOR = YES;
				GCC_WARN_UNINITIALIZED_AUTOS = YES_AGGRESSIVE;
				GCC_WARN_UNUSED_FUNCTION = YES;
				GCC_WARN_UNUSED_VARIABLE = YES;
				IPHONEOS_DEPLOYMENT_TARGET = 9.1;
				MTL_ENABLE_DEBUG_INFO = YES;
				ONLY_ACTIVE_ARCH = YES;
				SDKROOT = iphoneos;
				SWIFT_OPTIMIZATION_LEVEL = "-Onone";
			};
			name = Debug;
		};
		04314BE11BEB0BD100E6550D /* Release */ = {
			isa = XCBuildConfiguration;
			buildSettings = {
				ALWAYS_SEARCH_USER_PATHS = NO;
				CLANG_CXX_LANGUAGE_STANDARD = "gnu++0x";
				CLANG_CXX_LIBRARY = "libc++";
				CLANG_ENABLE_MODULES = YES;
				CLANG_ENABLE_OBJC_ARC = YES;
				CLANG_WARN_BOOL_CONVERSION = YES;
				CLANG_WARN_CONSTANT_CONVERSION = YES;
				CLANG_WARN_DIRECT_OBJC_ISA_USAGE = YES_ERROR;
				CLANG_WARN_EMPTY_BODY = YES;
				CLANG_WARN_ENUM_CONVERSION = YES;
				CLANG_WARN_INT_CONVERSION = YES;
				CLANG_WARN_OBJC_ROOT_CLASS = YES_ERROR;
				CLANG_WARN_UNREACHABLE_CODE = YES;
				CLANG_WARN__DUPLICATE_METHOD_MATCH = YES;
				"CODE_SIGN_IDENTITY[sdk=iphoneos*]" = "iPhone Developer";
				COPY_PHASE_STRIP = NO;
				DEBUG_INFORMATION_FORMAT = "dwarf-with-dsym";
				ENABLE_NS_ASSERTIONS = NO;
				ENABLE_STRICT_OBJC_MSGSEND = YES;
				GCC_C_LANGUAGE_STANDARD = gnu99;
				GCC_NO_COMMON_BLOCKS = YES;
				GCC_WARN_64_TO_32_BIT_CONVERSION = YES;
				GCC_WARN_ABOUT_RETURN_TYPE = YES_ERROR;
				GCC_WARN_UNDECLARED_SELECTOR = YES;
				GCC_WARN_UNINITIALIZED_AUTOS = YES_AGGRESSIVE;
				GCC_WARN_UNUSED_FUNCTION = YES;
				GCC_WARN_UNUSED_VARIABLE = YES;
				IPHONEOS_DEPLOYMENT_TARGET = 9.1;
				MTL_ENABLE_DEBUG_INFO = NO;
				SDKROOT = iphoneos;
				VALIDATE_PRODUCT = YES;
			};
			name = Release;
		};
		04314BE31BEB0BD100E6550D /* Debug */ = {
			isa = XCBuildConfiguration;
			buildSettings = {
				ASSETCATALOG_COMPILER_APPICON_NAME = AppIcon;
				INFOPLIST_FILE = StoryboardReferences/Info.plist;
				LD_RUNPATH_SEARCH_PATHS = "$(inherited) @executable_path/Frameworks";
				PRODUCT_BUNDLE_IDENTIFIER = wj.StoryboardReferences;
				PRODUCT_NAME = "$(TARGET_NAME)";
			};
			name = Debug;
		};
		04314BE41BEB0BD100E6550D /* Release */ = {
			isa = XCBuildConfiguration;
			buildSettings = {
				ASSETCATALOG_COMPILER_APPICON_NAME = AppIcon;
				INFOPLIST_FILE = StoryboardReferences/Info.plist;
				LD_RUNPATH_SEARCH_PATHS = "$(inherited) @executable_path/Frameworks";
				PRODUCT_BUNDLE_IDENTIFIER = wj.StoryboardReferences;
				PRODUCT_NAME = "$(TARGET_NAME)";
			};
			name = Release;
		};
		04314BE61BEB0BD100E6550D /* Debug */ = {
			isa = XCBuildConfiguration;
			buildSettings = {
				BUNDLE_LOADER = "$(TEST_HOST)";
				INFOPLIST_FILE = StoryboardReferencesTests/Info.plist;
				LD_RUNPATH_SEARCH_PATHS = "$(inherited) @executable_path/Frameworks @loader_path/Frameworks";
				PRODUCT_BUNDLE_IDENTIFIER = wj.StoryboardReferencesTests;
				PRODUCT_NAME = "$(TARGET_NAME)";
				TEST_HOST = "$(BUILT_PRODUCTS_DIR)/StoryboardReferences.app/StoryboardReferences";
			};
			name = Debug;
		};
		04314BE71BEB0BD100E6550D /* Release */ = {
			isa = XCBuildConfiguration;
			buildSettings = {
				BUNDLE_LOADER = "$(TEST_HOST)";
				INFOPLIST_FILE = StoryboardReferencesTests/Info.plist;
				LD_RUNPATH_SEARCH_PATHS = "$(inherited) @executable_path/Frameworks @loader_path/Frameworks";
				PRODUCT_BUNDLE_IDENTIFIER = wj.StoryboardReferencesTests;
				PRODUCT_NAME = "$(TARGET_NAME)";
				TEST_HOST = "$(BUILT_PRODUCTS_DIR)/StoryboardReferences.app/StoryboardReferences";
			};
			name = Release;
		};
/* End XCBuildConfiguration section */

/* Begin XCConfigurationList section */
		04314BC01BEB0BD100E6550D /* Build configuration list for PBXProject "StoryboardReferences" */ = {
			isa = XCConfigurationList;
			buildConfigurations = (
				04314BE01BEB0BD100E6550D /* Debug */,
				04314BE11BEB0BD100E6550D /* Release */,
			);
			defaultConfigurationIsVisible = 0;
			defaultConfigurationName = Release;
		};
		04314BE21BEB0BD100E6550D /* Build configuration list for PBXNativeTarget "StoryboardReferences" */ = {
			isa = XCConfigurationList;
			buildConfigurations = (
				04314BE31BEB0BD100E6550D /* Debug */,
				04314BE41BEB0BD100E6550D /* Release */,
			);
			defaultConfigurationIsVisible = 0;
		};
		04314BE51BEB0BD100E6550D /* Build configuration list for PBXNativeTarget "StoryboardReferencesTests" */ = {
			isa = XCConfigurationList;
			buildConfigurations = (
				04314BE61BEB0BD100E6550D /* Debug */,
				04314BE71BEB0BD100E6550D /* Release */,
			);
			defaultConfigurationIsVisible = 0;
		};
/* End XCConfigurationList section */
	};
	rootObject = 04314BBD1BEB0BD100E6550D /* Project object */;
}
