// !$*UTF8*$!
{
	archiveVersion = 1;
	classes = {
	};
	objectVersion = 46;
	objects = {

/* Begin PBXBuildFile section */
		049B5CC81BE9D83A0054BACA /* AppDelegate.swift in Sources */ = {isa = PBXBuildFile; fileRef = 049B5CC71BE9D83A0054BACA /* AppDelegate.swift */; };
		049B5CCD1BE9D83B0054BACA /* Main.storyboard in Resources */ = {isa = PBXBuildFile; fileRef = 049B5CCB1BE9D83B0054BACA /* Main.storyboard */; };
		049B5CCF1BE9D83B0054BACA /* Assets.xcassets in Resources */ = {isa = PBXBuildFile; fileRef = 049B5CCE1BE9D83B0054BACA /* Assets.xcassets */; };
		049B5CD21BE9D83B0054BACA /* LaunchScreen.storyboard in Resources */ = {isa = PBXBuildFile; fileRef = 049B5CD01BE9D83B0054BACA /* LaunchScreen.storyboard */; };
		049B5CDD1BE9D83B0054BACA /* UserInterfaceTestingUITests.swift in Sources */ = {isa = PBXBuildFile; fileRef = 049B5CDC1BE9D83B0054BACA /* UserInterfaceTestingUITests.swift */; };
		049B5CE81BE9DD500054BACA /* MenuViewController.swift in Sources */ = {isa = PBXBuildFile; fileRef = 049B5CE71BE9DD500054BACA /* MenuViewController.swift */; };
		049B5CEA1BE9DF4C0054BACA /* DetailViewController.swift in Sources */ = {isa = PBXBuildFile; fileRef = 049B5CE91BE9DF4C0054BACA /* DetailViewController.swift */; };
/* End PBXBuildFile section */

/* Begin PBXContainerItemProxy section */
		049B5CD91BE9D83B0054BACA /* PBXContainerItemProxy */ = {
			isa = PBXContainerItemProxy;
			containerPortal = 049B5CBC1BE9D83A0054BACA /* Project object */;
			proxyType = 1;
			remoteGlobalIDString = 049B5CC31BE9D83A0054BACA;
			remoteInfo = UserInterfaceTesting;
		};
/* End PBXContainerItemProxy section */

/* Begin PBXFileReference section */
		049B5CC41BE9D83A0054BACA /* UserInterfaceTesting.app */ = {isa = PBXFileReference; explicitFileType = wrapper.application; includeInIndex = 0; path = UserInterfaceTesting.app; sourceTree = BUILT_PRODUCTS_DIR; };
		049B5CC71BE9D83A0054BACA /* AppDelegate.swift */ = {isa = PBXFileReference; lastKnownFileType = sourcecode.swift; path = AppDelegate.swift; sourceTree = "<group>"; };
		049B5CCC1BE9D83B0054BACA /* Base */ = {isa = PBXFileReference; lastKnownFileType = file.storyboard; name = Base; path = Base.lproj/Main.storyboard; sourceTree = "<group>"; };
		049B5CCE1BE9D83B0054BACA /* Assets.xcassets */ = {isa = PBXFileReference; lastKnownFileType = folder.assetcatalog; path = Assets.xcassets; sourceTree = "<group>"; };
		049B5CD11BE9D83B0054BACA /* Base */ = {isa = PBXFileReference; lastKnownFileType = file.storyboard; name = Base; path = Base.lproj/LaunchScreen.storyboard; sourceTree = "<group>"; };
		049B5CD31BE9D83B0054BACA /* Info.plist */ = {isa = PBXFileReference; lastKnownFileType = text.plist.xml; path = Info.plist; sourceTree = "<group>"; };
		049B5CD81BE9D83B0054BACA /* UserInterfaceTestingUITests.xctest */ = {isa = PBXFileReference; explicitFileType = wrapper.cfbundle; includeInIndex = 0; path = UserInterfaceTestingUITests.xctest; sourceTree = BUILT_PRODUCTS_DIR; };
		049B5CDC1BE9D83B0054BACA /* UserInterfaceTestingUITests.swift */ = {isa = PBXFileReference; lastKnownFileType = sourcecode.swift; path = UserInterfaceTestingUITests.swift; sourceTree = "<group>"; };
		049B5CDE1BE9D83B0054BACA /* Info.plist */ = {isa = PBXFileReference; lastKnownFileType = text.plist.xml; path = Info.plist; sourceTree = "<group>"; };
		049B5CE71BE9DD500054BACA /* MenuViewController.swift */ = {isa = PBXFileReference; fileEncoding = 4; lastKnownFileType = sourcecode.swift; path = MenuViewController.swift; sourceTree = "<group>"; };
		049B5CE91BE9DF4C0054BACA /* DetailViewController.swift */ = {isa = PBXFileReference; fileEncoding = 4; lastKnownFileType = sourcecode.swift; path = DetailViewController.swift; sourceTree = "<group>"; };
/* End PBXFileReference section */

/* Begin PBXFrameworksBuildPhase section */
		049B5CC11BE9D83A0054BACA /* Frameworks */ = {
			isa = PBXFrameworksBuildPhase;
			buildActionMask = 2147483647;
			files = (
			);
			runOnlyForDeploymentPostprocessing = 0;
		};
		049B5CD51BE9D83B0054BACA /* Frameworks */ = {
			isa = PBXFrameworksBuildPhase;
			buildActionMask = 2147483647;
			files = (
			);
			runOnlyForDeploymentPostprocessing = 0;
		};
/* End PBXFrameworksBuildPhase section */

/* Begin PBXGroup section */
		049B5CBB1BE9D83A0054BACA = {
			isa = PBXGroup;
			children = (
				049B5CC61BE9D83A0054BACA /* UserInterfaceTesting */,
				049B5CDB1BE9D83B0054BACA /* UserInterfaceTestingUITests */,
				049B5CC51BE9D83A0054BACA /* Products */,
			);
			sourceTree = "<group>";
		};
		049B5CC51BE9D83A0054BACA /* Products */ = {
			isa = PBXGroup;
			children = (
				049B5CC41BE9D83A0054BACA /* UserInterfaceTesting.app */,
				049B5CD81BE9D83B0054BACA /* UserInterfaceTestingUITests.xctest */,
			);
			name = Products;
			sourceTree = "<group>";
		};
		049B5CC61BE9D83A0054BACA /* UserInterfaceTesting */ = {
			isa = PBXGroup;
			children = (
				049B5CC71BE9D83A0054BACA /* AppDelegate.swift */,
				049B5CCB1BE9D83B0054BACA /* Main.storyboard */,
				049B5CE91BE9DF4C0054BACA /* DetailViewController.swift */,
				049B5CE71BE9DD500054BACA /* MenuViewController.swift */,
				049B5CCE1BE9D83B0054BACA /* Assets.xcassets */,
				049B5CD01BE9D83B0054BACA /* LaunchScreen.storyboard */,
				049B5CD31BE9D83B0054BACA /* Info.plist */,
			);
			path = UserInterfaceTesting;
			sourceTree = "<group>";
		};
		049B5CDB1BE9D83B0054BACA /* UserInterfaceTestingUITests */ = {
			isa = PBXGroup;
			children = (
				049B5CDC1BE9D83B0054BACA /* UserInterfaceTestingUITests.swift */,
				049B5CDE1BE9D83B0054BACA /* Info.plist */,
			);
			path = UserInterfaceTestingUITests;
			sourceTree = "<group>";
		};
/* End PBXGroup section */

/* Begin PBXNativeTarget section */
		049B5CC31BE9D83A0054BACA /* UserInterfaceTesting */ = {
			isa = PBXNativeTarget;
			buildConfigurationList = 049B5CE11BE9D83B0054BACA /* Build configuration list for PBXNativeTarget "UserInterfaceTesting" */;
			buildPhases = (
				049B5CC01BE9D83A0054BACA /* Sources */,
				049B5CC11BE9D83A0054BACA /* Frameworks */,
				049B5CC21BE9D83A0054BACA /* Resources */,
			);
			buildRules = (
			);
			dependencies = (
			);
			name = UserInterfaceTesting;
			productName = UserInterfaceTesting;
			productReference = 049B5CC41BE9D83A0054BACA /* UserInterfaceTesting.app */;
			productType = "com.apple.product-type.application";
		};
		049B5CD71BE9D83B0054BACA /* UserInterfaceTestingUITests */ = {
			isa = PBXNativeTarget;
			buildConfigurationList = 049B5CE41BE9D83B0054BACA /* Build configuration list for PBXNativeTarget "UserInterfaceTestingUITests" */;
			buildPhases = (
				049B5CD41BE9D83B0054BACA /* Sources */,
				049B5CD51BE9D83B0054BACA /* Frameworks */,
				049B5CD61BE9D83B0054BACA /* Resources */,
			);
			buildRules = (
			);
			dependencies = (
				049B5CDA1BE9D83B0054BACA /* PBXTargetDependency */,
			);
			name = UserInterfaceTestingUITests;
			productName = UserInterfaceTestingUITests;
			productReference = 049B5CD81BE9D83B0054BACA /* UserInterfaceTestingUITests.xctest */;
			productType = "com.apple.product-type.bundle.ui-testing";
		};
/* End PBXNativeTarget section */

/* Begin PBXProject section */
		049B5CBC1BE9D83A0054BACA /* Project object */ = {
			isa = PBXProject;
			attributes = {
				LastSwiftUpdateCheck = 0710;
				LastUpgradeCheck = 0710;
				ORGANIZATIONNAME = wj;
				TargetAttributes = {
					049B5CC31BE9D83A0054BACA = {
						CreatedOnToolsVersion = 7.1;
					};
					049B5CD71BE9D83B0054BACA = {
						CreatedOnToolsVersion = 7.1;
						TestTargetID = 049B5CC31BE9D83A0054BACA;
					};
				};
			};
			buildConfigurationList = 049B5CBF1BE9D83A0054BACA /* Build configuration list for PBXProject "UserInterfaceTesting" */;
			compatibilityVersion = "Xcode 3.2";
			developmentRegion = English;
			hasScannedForEncodings = 0;
			knownRegions = (
				en,
				Base,
			);
			mainGroup = 049B5CBB1BE9D83A0054BACA;
			productRefGroup = 049B5CC51BE9D83A0054BACA /* Products */;
			projectDirPath = "";
			projectRoot = "";
			targets = (
				049B5CC31BE9D83A0054BACA /* UserInterfaceTesting */,
				049B5CD71BE9D83B0054BACA /* UserInterfaceTestingUITests */,
			);
		};
/* End PBXProject section */

/* Begin PBXResourcesBuildPhase section */
		049B5CC21BE9D83A0054BACA /* Resources */ = {
			isa = PBXResourcesBuildPhase;
			buildActionMask = 2147483647;
			files = (
				049B5CD21BE9D83B0054BACA /* LaunchScreen.storyboard in Resources */,
				049B5CCF1BE9D83B0054BACA /* Assets.xcassets in Resources */,
				049B5CCD1BE9D83B0054BACA /* Main.storyboard in Resources */,
			);
			runOnlyForDeploymentPostprocessing = 0;
		};
		049B5CD61BE9D83B0054BACA /* Resources */ = {
			isa = PBXResourcesBuildPhase;
			buildActionMask = 2147483647;
			files = (
			);
			runOnlyForDeploymentPostprocessing = 0;
		};
/* End PBXResourcesBuildPhase section */

/* Begin PBXSourcesBuildPhase section */
		049B5CC01BE9D83A0054BACA /* Sources */ = {
			isa = PBXSourcesBuildPhase;
			buildActionMask = 2147483647;
			files = (
				049B5CE81BE9DD500054BACA /* MenuViewController.swift in Sources */,
				049B5CC81BE9D83A0054BACA /* AppDelegate.swift in Sources */,
				049B5CEA1BE9DF4C0054BACA /* DetailViewController.swift in Sources */,
			);
			runOnlyForDeploymentPostprocessing = 0;
		};
		049B5CD41BE9D83B0054BACA /* Sources */ = {
			isa = PBXSourcesBuildPhase;
			buildActionMask = 2147483647;
			files = (
				049B5CDD1BE9D83B0054BACA /* UserInterfaceTestingUITests.swift in Sources */,
			);
			runOnlyForDeploymentPostprocessing = 0;
		};
/* End PBXSourcesBuildPhase section */

/* Begin PBXTargetDependency section */
		049B5CDA1BE9D83B0054BACA /* PBXTargetDependency */ = {
			isa = PBXTargetDependency;
			target = 049B5CC31BE9D83A0054BACA /* UserInterfaceTesting */;
			targetProxy = 049B5CD91BE9D83B0054BACA /* PBXContainerItemProxy */;
		};
/* End PBXTargetDependency section */

/* Begin PBXVariantGroup section */
		049B5CCB1BE9D83B0054BACA /* Main.storyboard */ = {
			isa = PBXVariantGroup;
			children = (
				049B5CCC1BE9D83B0054BACA /* Base */,
			);
			name = Main.storyboard;
			sourceTree = "<group>";
		};
		049B5CD01BE9D83B0054BACA /* LaunchScreen.storyboard */ = {
			isa = PBXVariantGroup;
			children = (
				049B5CD11BE9D83B0054BACA /* Base */,
			);
			name = LaunchScreen.storyboard;
			sourceTree = "<group>";
		};
/* End PBXVariantGroup section */

/* Begin XCBuildConfiguration section */
		049B5CDF1BE9D83B0054BACA /* Debug */ = {
			isa = XCBuildConfiguration;
			buildSettings = {
				ALWAYS_SEARCH_USER_PATHS = NO;
				CLANG_CXX_LANGUAGE_STANDARD = "gnu++0x";
				CLANG_CXX_LIBRARY = "libc++";
				CLANG_ENABLE_MODULES = YES;
				CLANG_ENABLE_OBJC_ARC = YES;
				CLANG_WARN_BOOL_CONVERSION = YES;
				CLANG_WARN_CONSTANT_CONVERSION = YES;
				CLANG_WARN_DIRECT_OBJC_ISA_USAGE = YES_ERROR;
				CLANG_WARN_EMPTY_BODY = YES;
				CLANG_WARN_ENUM_CONVERSION = YES;
				CLANG_WARN_INT_CONVERSION = YES;
				CLANG_WARN_OBJC_ROOT_CLASS = YES_ERROR;
				CLANG_WARN_UNREACHABLE_CODE = YES;
				CLANG_WARN__DUPLICATE_METHOD_MATCH = YES;
				"CODE_SIGN_IDENTITY[sdk=iphoneos*]" = "iPhone Developer";
				COPY_PHASE_STRIP = NO;
				DEBUG_INFORMATION_FORMAT = dwarf;
				ENABLE_STRICT_OBJC_MSGSEND = YES;
				ENABLE_TESTABILITY = YES;
				GCC_C_LANGUAGE_STANDARD = gnu99;
				GCC_DYNAMIC_NO_PIC = NO;
				GCC_NO_COMMON_BLOCKS = YES;
				GCC_OPTIMIZATION_LEVEL = 0;
				GCC_PREPROCESSOR_DEFINITIONS = (
					"DEBUG=1",
					"$(inherited)",
				);
				GCC_WARN_64_TO_32_BIT_CONVERSION = YES;
				GCC_WARN_ABOUT_RETURN_TYPE = YES_ERROR;
				GCC_WARN_UNDECLARED_SELECTOR = YES;
				GCC_WARN_UNINITIALIZED_AUTOS = YES_AGGRESSIVE;
				GCC_WARN_UNUSED_FUNCTION = YES;
				GCC_WARN_UNUSED_VARIABLE = YES;
				IPHONEOS_DEPLOYMENT_TARGET = 9.1;
				MTL_ENABLE_DEBUG_INFO = YES;
				ONLY_ACTIVE_ARCH = YES;
				SDKROOT = iphoneos;
				SWIFT_OPTIMIZATION_LEVEL = "-Onone";
			};
			name = Debug;
		};
		049B5CE01BE9D83B0054BACA /* Release */ = {
			isa = XCBuildConfiguration;
			buildSettings = {
				ALWAYS_SEARCH_USER_PATHS = NO;
				CLANG_CXX_LANGUAGE_STANDARD = "gnu++0x";
				CLANG_CXX_LIBRARY = "libc++";
				CLANG_ENABLE_MODULES = YES;
				CLANG_ENABLE_OBJC_ARC = YES;
				CLANG_WARN_BOOL_CONVERSION = YES;
				CLANG_WARN_CONSTANT_CONVERSION = YES;
				CLANG_WARN_DIRECT_OBJC_ISA_USAGE = YES_ERROR;
				CLANG_WARN_EMPTY_BODY = YES;
				CLANG_WARN_ENUM_CONVERSION = YES;
				CLANG_WARN_INT_CONVERSION = YES;
				CLANG_WARN_OBJC_ROOT_CLASS = YES_ERROR;
				CLANG_WARN_UNREACHABLE_CODE = YES;
				CLANG_WARN__DUPLICATE_METHOD_MATCH = YES;
				"CODE_SIGN_IDENTITY[sdk=iphoneos*]" = "iPhone Developer";
				COPY_PHASE_STRIP = NO;
				DEBUG_INFORMATION_FORMAT = "dwarf-with-dsym";
				ENABLE_NS_ASSERTIONS = NO;
				ENABLE_STRICT_OBJC_MSGSEND = YES;
				GCC_C_LANGUAGE_STANDARD = gnu99;
				GCC_NO_COMMON_BLOCKS = YES;
				GCC_WARN_64_TO_32_BIT_CONVERSION = YES;
				GCC_WARN_ABOUT_RETURN_TYPE = YES_ERROR;
				GCC_WARN_UNDECLARED_SELECTOR = YES;
				GCC_WARN_UNINITIALIZED_AUTOS = YES_AGGRESSIVE;
				GCC_WARN_UNUSED_FUNCTION = YES;
				GCC_WARN_UNUSED_VARIABLE = YES;
				IPHONEOS_DEPLOYMENT_TARGET = 9.1;
				MTL_ENABLE_DEBUG_INFO = NO;
				SDKROOT = iphoneos;
				VALIDATE_PRODUCT = YES;
			};
			name = Release;
		};
		049B5CE21BE9D83B0054BACA /* Debug */ = {
			isa = XCBuildConfiguration;
			buildSettings = {
				ASSETCATALOG_COMPILER_APPICON_NAME = AppIcon;
				INFOPLIST_FILE = UserInterfaceTesting/Info.plist;
				IPHONEOS_DEPLOYMENT_TARGET = 9.0;
				LD_RUNPATH_SEARCH_PATHS = "$(inherited) @executable_path/Frameworks";
				PRODUCT_BUNDLE_IDENTIFIER = wj.UserInterfaceTesting;
				PRODUCT_NAME = "$(TARGET_NAME)";
			};
			name = Debug;
		};
		049B5CE31BE9D83B0054BACA /* Release */ = {
			isa = XCBuildConfiguration;
			buildSettings = {
				ASSETCATALOG_COMPILER_APPICON_NAME = AppIcon;
				INFOPLIST_FILE = UserInterfaceTesting/Info.plist;
				IPHONEOS_DEPLOYMENT_TARGET = 9.0;
				LD_RUNPATH_SEARCH_PATHS = "$(inherited) @executable_path/Frameworks";
				PRODUCT_BUNDLE_IDENTIFIER = wj.UserInterfaceTesting;
				PRODUCT_NAME = "$(TARGET_NAME)";
			};
			name = Release;
		};
		049B5CE51BE9D83B0054BACA /* Debug */ = {
			isa = XCBuildConfiguration;
			buildSettings = {
				INFOPLIST_FILE = UserInterfaceTestingUITests/Info.plist;
				LD_RUNPATH_SEARCH_PATHS = "$(inherited) @executable_path/Frameworks @loader_path/Frameworks";
				PRODUCT_BUNDLE_IDENTIFIER = wj.UserInterfaceTestingUITests;
				PRODUCT_NAME = "$(TARGET_NAME)";
				TEST_TARGET_NAME = UserInterfaceTesting;
				USES_XCTRUNNER = YES;
			};
			name = Debug;
		};
		049B5CE61BE9D83B0054BACA /* Release */ = {
			isa = XCBuildConfiguration;
			buildSettings = {
				INFOPLIST_FILE = UserInterfaceTestingUITests/Info.plist;
				LD_RUNPATH_SEARCH_PATHS = "$(inherited) @executable_path/Frameworks @loader_path/Frameworks";
				PRODUCT_BUNDLE_IDENTIFIER = wj.UserInterfaceTestingUITests;
				PRODUCT_NAME = "$(TARGET_NAME)";
				TEST_TARGET_NAME = UserInterfaceTesting;
				USES_XCTRUNNER = YES;
			};
			name = Release;
		};
/* End XCBuildConfiguration section */

/* Begin XCConfigurationList section */
		049B5CBF1BE9D83A0054BACA /* Build configuration list for PBXProject "UserInterfaceTesting" */ = {
			isa = XCConfigurationList;
			buildConfigurations = (
				049B5CDF1BE9D83B0054BACA /* Debug */,
				049B5CE01BE9D83B0054BACA /* Release */,
			);
			defaultConfigurationIsVisible = 0;
			defaultConfigurationName = Release;
		};
		049B5CE11BE9D83B0054BACA /* Build configuration list for PBXNativeTarget "UserInterfaceTesting" */ = {
			isa = XCConfigurationList;
			buildConfigurations = (
				049B5CE21BE9D83B0054BACA /* Debug */,
				049B5CE31BE9D83B0054BACA /* Release */,
			);
			defaultConfigurationIsVisible = 0;
		};
		049B5CE41BE9D83B0054BACA /* Build configuration list for PBXNativeTarget "UserInterfaceTestingUITests" */ = {
			isa = XCConfigurationList;
			buildConfigurations = (
				049B5CE51BE9D83B0054BACA /* Debug */,
				049B5CE61BE9D83B0054BACA /* Release */,
			);
			defaultConfigurationIsVisible = 0;
		};
/* End XCConfigurationList section */
	};
	rootObject = 049B5CBC1BE9D83A0054BACA /* Project object */;
}
